
Microsoft Visual Studio Solution File, Format Version 12.00
# Visual Studio Version 17
VisualStudioVersion = 17.6.33815.320
MinimumVisualStudioVersion = 10.0.40219.1
Project("{FAE04EC0-301F-11D3-BF4B-00C04F79EFBC}") = "SqlNotifications", "SqlNotifications\SqlNotifications.csproj", "{860D34C5-397D-4302-813E-7519E1683D3B}"
EndProject
Global
	GlobalSection(SolutionConfigurationPlatforms) = preSolution
		Debug|Any CPU = Debug|Any CPU
		Release|Any CPU = Release|Any CPU
	EndGlobalSection
	GlobalSection(ProjectConfigurationPlatforms) = postSolution
		{860D34C5-397D-4302-813E-7519E1683D3B}.Debug|Any CPU.ActiveCfg = Debug|Any CPU
		{860D34C5-397D-4302-813E-7519E1683D3B}.Debug|Any CPU.Build.0 = Debug|Any CPU
		{860D34C5-397D-4302-813E-7519E1683D3B}.Release|Any CPU.ActiveCfg = Release|Any CPU
		{860D34C5-397D-4302-813E-7519E1683D3B}.Release|Any CPU.Build.0 = Release|Any CPU
	EndGlobalSection
	GlobalSection(SolutionProperties) = preSolution
		HideSolutionNode = FALSE
	EndGlobalSection
	GlobalSection(ExtensibilityGlobals) = postSolution
		SolutionGuid = {BB380AAB-4469-4192-8680-AF7CC31880EF}
	EndGlobalSection
EndGlobal
